
Microsoft Visual Studio Solution File, Format Version 12.00
# Visual Studio Version 17
VisualStudioVersion = 17.0.32014.148
MinimumVisualStudioVersion = 10.0.40219.1
Project("{9A19103F-16F7-4668-BE54-9A1E7A4F7556}") = "Inlämnmingsuppgift_ASP", "Inlämnmingsuppgift_ASP\Inlämnmingsuppgift_ASP.csproj", "{67B7AEE5-6B37-46CC-8662-DAAD4E4DA9F3}"
EndProject
Project("{FAE04EC0-301F-11D3-BF4B-00C04F79EFBC}") = "InlämningsUppgiftAPI", "InlämningsUppgiftAPI\InlämningsUppgiftAPI.csproj", "{5ECBC19B-D5A1-4312-917D-A6FF0893D533}"
EndProject
Global
	GlobalSection(SolutionConfigurationPlatforms) = preSolution
		Debug|Any CPU = Debug|Any CPU
		Release|Any CPU = Release|Any CPU
	EndGlobalSection
	GlobalSection(ProjectConfigurationPlatforms) = postSolution
		{67B7AEE5-6B37-46CC-8662-DAAD4E4DA9F3}.Debug|Any CPU.ActiveCfg = Debug|Any CPU
		{67B7AEE5-6B37-46CC-8662-DAAD4E4DA9F3}.Debug|Any CPU.Build.0 = Debug|Any CPU
		{67B7AEE5-6B37-46CC-8662-DAAD4E4DA9F3}.Release|Any CPU.ActiveCfg = Release|Any CPU
		{67B7AEE5-6B37-46CC-8662-DAAD4E4DA9F3}.Release|Any CPU.Build.0 = Release|Any CPU
		{5ECBC19B-D5A1-4312-917D-A6FF0893D533}.Debug|Any CPU.ActiveCfg = Debug|Any CPU
		{5ECBC19B-D5A1-4312-917D-A6FF0893D533}.Debug|Any CPU.Build.0 = Debug|Any CPU
		{5ECBC19B-D5A1-4312-917D-A6FF0893D533}.Release|Any CPU.ActiveCfg = Release|Any CPU
		{5ECBC19B-D5A1-4312-917D-A6FF0893D533}.Release|Any CPU.Build.0 = Release|Any CPU
	EndGlobalSection
	GlobalSection(SolutionProperties) = preSolution
		HideSolutionNode = FALSE
	EndGlobalSection
	GlobalSection(ExtensibilityGlobals) = postSolution
		SolutionGuid = {166CBD59-08B8-43EE-A2E8-6BAAB35C39E5}
	EndGlobalSection
EndGlobal
